
Microsoft Visual Studio Solution File, Format Version 12.00
# Visual Studio 15
VisualStudioVersion = 15.0.27703.2026
MinimumVisualStudioVersion = 10.0.40219.1
Project("{FAE04EC0-301F-11D3-BF4B-00C04F79EFBC}") = "Accounts", "Accounts\Accounts.csproj", "{6B561E3E-DC19-44E4-A2C4-853B2E907888}"
EndProject
Global
	GlobalSection(SolutionConfigurationPlatforms) = preSolution
		Debug|Any CPU = Debug|Any CPU
		Release|Any CPU = Release|Any CPU
	EndGlobalSection
	GlobalSection(ProjectConfigurationPlatforms) = postSolution
		{6B561E3E-DC19-44E4-A2C4-853B2E907888}.Debug|Any CPU.ActiveCfg = Debug|Any CPU
		{6B561E3E-DC19-44E4-A2C4-853B2E907888}.Debug|Any CPU.Build.0 = Debug|Any CPU
		{6B561E3E-DC19-44E4-A2C4-853B2E907888}.Release|Any CPU.ActiveCfg = Release|Any CPU
		{6B561E3E-DC19-44E4-A2C4-853B2E907888}.Release|Any CPU.Build.0 = Release|Any CPU
	EndGlobalSection
	GlobalSection(SolutionProperties) = preSolution
		HideSolutionNode = FALSE
	EndGlobalSection
	GlobalSection(ExtensibilityGlobals) = postSolution
		SolutionGuid = {BE683A9E-2C0A-4508-B85C-BF46F4ED6A2E}
	EndGlobalSection
EndGlobal
